
Microsoft Visual Studio Solution File, Format Version 12.00
# Visual Studio 15
VisualStudioVersion = 15.0.26124.0
MinimumVisualStudioVersion = 15.0.26124.0
Project("{2150E333-8FDC-42A3-9474-1A3956D46DE8}") = "DNC-DShop.Api", "DNC-DShop.Api", "{EA95EE9B-98D1-47DF-918E-9637F1621CAE}"
EndProject
Project("{2150E333-8FDC-42A3-9474-1A3956D46DE8}") = "src", "src", "{04D57F92-65EE-4F3B-9ACC-2D97E5162157}"
EndProject
Project("{FAE04EC0-301F-11D3-BF4B-00C04F79EFBC}") = "DShop.Api", "DNC-DShop.Api\src\DShop.Api\DShop.Api.csproj", "{4D006400-749D-4662-A219-F697E7462FCF}"
EndProject
Project("{2150E333-8FDC-42A3-9474-1A3956D46DE8}") = "DNC-DShop.Common", "DNC-DShop.Common", "{B9E5D59C-1F02-4116-A375-6097539231A8}"
EndProject
Project("{2150E333-8FDC-42A3-9474-1A3956D46DE8}") = "src", "src", "{5BA96496-5D7B-4C23-9072-BA5A03843183}"
EndProject
Project("{FAE04EC0-301F-11D3-BF4B-00C04F79EFBC}") = "DShop.Common", "DNC-DShop.Common\src\DShop.Common\DShop.Common.csproj", "{B83CBD3D-88A5-40CD-B20B-56C3C3AD4D47}"
EndProject
Project("{2150E333-8FDC-42A3-9474-1A3956D46DE8}") = "DNC-DShop.Services.Customers", "DNC-DShop.Services.Customers", "{1862980A-BFFE-4A1D-92EE-C894B99C4CD6}"
EndProject
Project("{2150E333-8FDC-42A3-9474-1A3956D46DE8}") = "src", "src", "{D6EE7061-4488-4B59-9C91-0F2770766C57}"
EndProject
Project("{FAE04EC0-301F-11D3-BF4B-00C04F79EFBC}") = "DShop.Services.Customers", "DNC-DShop.Services.Customers\src\DShop.Services.Customers\DShop.Services.Customers.csproj", "{4C2306FA-B116-474B-8C21-1DEA7C1CACD3}"
EndProject
Project("{2150E333-8FDC-42A3-9474-1A3956D46DE8}") = "tests", "tests", "{1FE89247-4827-49B3-B0C5-5881C62871AA}"
EndProject
Project("{FAE04EC0-301F-11D3-BF4B-00C04F79EFBC}") = "DShop.Services.Customers.Tests", "DNC-DShop.Services.Customers\tests\DShop.Services.Customers.Tests\DShop.Services.Customers.Tests.csproj", "{856D9528-3CC5-4C19-94D7-40725E63C2B0}"
EndProject
Project("{2150E333-8FDC-42A3-9474-1A3956D46DE8}") = "DNC-DShop.Services.Identity", "DNC-DShop.Services.Identity", "{9730F511-F456-4725-A342-1FA13A64805B}"
EndProject
Project("{2150E333-8FDC-42A3-9474-1A3956D46DE8}") = "src", "src", "{46886F99-F280-413B-A48F-87238A7A80F6}"
EndProject
Project("{FAE04EC0-301F-11D3-BF4B-00C04F79EFBC}") = "DShop.Services.Identity", "DNC-DShop.Services.Identity\src\DShop.Services.Identity\DShop.Services.Identity.csproj", "{0DF31AE1-9CCE-4ECB-A7C2-275F0E00F7C0}"
EndProject
Project("{2150E333-8FDC-42A3-9474-1A3956D46DE8}") = "tests", "tests", "{588BF896-900C-4467-A537-C3BA86C611E1}"
EndProject
Project("{FAE04EC0-301F-11D3-BF4B-00C04F79EFBC}") = "DShop.Services.Identity.Tests", "DNC-DShop.Services.Identity\tests\DShop.Services.Identity.Tests\DShop.Services.Identity.Tests.csproj", "{6D2B7A85-54BA-4368-93E3-66A5F8CBBDB7}"
EndProject
Project("{2150E333-8FDC-42A3-9474-1A3956D46DE8}") = "DNC-DShop.Services.Notifications", "DNC-DShop.Services.Notifications", "{A4007108-EDC5-4342-9B2B-3326BD56A115}"
EndProject
Project("{2150E333-8FDC-42A3-9474-1A3956D46DE8}") = "src", "src", "{804887A0-3D59-4146-8E82-3CBFC1DD8BFF}"
EndProject
Project("{FAE04EC0-301F-11D3-BF4B-00C04F79EFBC}") = "DShop.Services.Notifications", "DNC-DShop.Services.Notifications\src\DShop.Services.Notifications\DShop.Services.Notifications.csproj", "{ED8D4BB7-F182-4A03-9486-F6B0DFEB2287}"
EndProject
Project("{2150E333-8FDC-42A3-9474-1A3956D46DE8}") = "tests", "tests", "{008ABFFE-6B27-4AAE-A8B3-F00CBCEEB5F5}"
EndProject
Project("{FAE04EC0-301F-11D3-BF4B-00C04F79EFBC}") = "DShop.Services.Notifications.Tests", "DNC-DShop.Services.Notifications\tests\DShop.Services.Notifications.Tests\DShop.Services.Notifications.Tests.csproj", "{B5E388F7-9E45-4E96-9AAF-2AD10E1D2DF3}"
EndProject
Project("{2150E333-8FDC-42A3-9474-1A3956D46DE8}") = "DNC-DShop.Services.Operations", "DNC-DShop.Services.Operations", "{85F0F37D-1E44-4630-B55F-0C86CEE6E319}"
EndProject
Project("{2150E333-8FDC-42A3-9474-1A3956D46DE8}") = "src", "src", "{44E39C45-E2F3-4673-BB4C-05295DB18F79}"
EndProject
Project("{FAE04EC0-301F-11D3-BF4B-00C04F79EFBC}") = "DShop.Services.Operations", "DNC-DShop.Services.Operations\src\DShop.Services.Operations\DShop.Services.Operations.csproj", "{7D968A8E-2BF5-4298-8D17-F86D31940456}"
EndProject
Project("{2150E333-8FDC-42A3-9474-1A3956D46DE8}") = "tests", "tests", "{842339E3-26D4-4CA1-922A-D0AB43FEDC52}"
EndProject
Project("{FAE04EC0-301F-11D3-BF4B-00C04F79EFBC}") = "DShop.Services.Operations.Tests", "DNC-DShop.Services.Operations\tests\DShop.Services.Operations.Tests\DShop.Services.Operations.Tests.csproj", "{9CAE9B62-9219-4DA7-BEC5-2BE0D4F9CCD7}"
EndProject
Project("{2150E333-8FDC-42A3-9474-1A3956D46DE8}") = "DNC-DShop.Services.Orders", "DNC-DShop.Services.Orders", "{08D38FCF-E54B-4FE0-8A51-06F174DCFB13}"
EndProject
Project("{2150E333-8FDC-42A3-9474-1A3956D46DE8}") = "src", "src", "{ED3D4FF6-4F8E-4B10-AF7B-C5FBAFE07AA3}"
EndProject
Project("{FAE04EC0-301F-11D3-BF4B-00C04F79EFBC}") = "DShop.Services.Orders", "DNC-DShop.Services.Orders\src\DShop.Services.Orders\DShop.Services.Orders.csproj", "{E16BDC85-6055-41C2-A0B6-0EA3B14C3CE7}"
EndProject
Project("{2150E333-8FDC-42A3-9474-1A3956D46DE8}") = "tests", "tests", "{4E635A82-1711-4031-907D-00BC5D1E16AD}"
EndProject
Project("{FAE04EC0-301F-11D3-BF4B-00C04F79EFBC}") = "DShop.Services.Orders.Tests", "DNC-DShop.Services.Orders\tests\DShop.Services.Orders.Tests\DShop.Services.Orders.Tests.csproj", "{3BCE91C4-65DD-4417-9948-E89605AE830D}"
EndProject
Project("{2150E333-8FDC-42A3-9474-1A3956D46DE8}") = "DNC-DShop.Services.Products", "DNC-DShop.Services.Products", "{CD4A9922-0D5B-4699-9DED-CF8756F68D1F}"
EndProject
Project("{2150E333-8FDC-42A3-9474-1A3956D46DE8}") = "src", "src", "{BE343076-0656-4C6D-8F51-E579E30B8F84}"
EndProject
Project("{FAE04EC0-301F-11D3-BF4B-00C04F79EFBC}") = "DShop.Services.Products", "DNC-DShop.Services.Products\src\DShop.Services.Products\DShop.Services.Products.csproj", "{A9DF8A24-2241-4062-9DA4-D8E1BBB75033}"
EndProject
Project("{2150E333-8FDC-42A3-9474-1A3956D46DE8}") = "tests", "tests", "{A8E2CBA5-DFD2-4095-A805-AA889E1B71A9}"
EndProject
Project("{FAE04EC0-301F-11D3-BF4B-00C04F79EFBC}") = "DShop.Services.Products.Tests", "DNC-DShop.Services.Products\tests\DShop.Services.Products.Tests\DShop.Services.Products.Tests.csproj", "{3F0F4165-CF26-4934-8164-0C680ECC8604}"
EndProject
Project("{2150E333-8FDC-42A3-9474-1A3956D46DE8}") = "DNC-DShop.Services.Signalr", "DNC-DShop.Services.Signalr", "{EF2D785D-F9E1-4460-9DF2-1EB5D9F1DB04}"
EndProject
Project("{2150E333-8FDC-42A3-9474-1A3956D46DE8}") = "src", "src", "{0FC6E53F-56F8-4301-84F1-BE1906E2A8F8}"
EndProject
Project("{FAE04EC0-301F-11D3-BF4B-00C04F79EFBC}") = "DShop.Services.Signalr", "DNC-DShop.Services.Signalr\src\DShop.Services.Signalr\DShop.Services.Signalr.csproj", "{1273337E-2228-41BE-94F2-E428EAB5A597}"
EndProject
Project("{2150E333-8FDC-42A3-9474-1A3956D46DE8}") = "tests", "tests", "{9F474849-C0BE-428B-B0E7-556659665103}"
EndProject
Project("{FAE04EC0-301F-11D3-BF4B-00C04F79EFBC}") = "DShop.Services.Signalr.Tests", "DNC-DShop.Services.Signalr\tests\DShop.Services.Signalr.Tests\DShop.Services.Signalr.Tests.csproj", "{AFA04DA9-3F6F-46D8-9BE4-9135AA0168AF}"
EndProject
Project("{2150E333-8FDC-42A3-9474-1A3956D46DE8}") = "DNC-DShop.Api.Next", "DNC-DShop.Api.Next", "{379ACE0C-3C20-45DA-8E3A-C15B7995B902}"
EndProject
Project("{2150E333-8FDC-42A3-9474-1A3956D46DE8}") = "src", "src", "{DA686EF8-FB6C-4ECE-8967-3400733F743A}"
EndProject
Project("{FAE04EC0-301F-11D3-BF4B-00C04F79EFBC}") = "DShop.Api.Next", "DNC-DShop.Api.Next\src\DShop.Api.Next\DShop.Api.Next.csproj", "{AD9231EA-BBD1-4C79-832A-32793CEA9B30}"
EndProject
Global
	GlobalSection(SolutionConfigurationPlatforms) = preSolution
		Debug|Any CPU = Debug|Any CPU
		Debug|x64 = Debug|x64
		Debug|x86 = Debug|x86
		Release|Any CPU = Release|Any CPU
		Release|x64 = Release|x64
		Release|x86 = Release|x86
	EndGlobalSection
	GlobalSection(SolutionProperties) = preSolution
		HideSolutionNode = FALSE
	EndGlobalSection
	GlobalSection(ProjectConfigurationPlatforms) = postSolution
		{4D006400-749D-4662-A219-F697E7462FCF}.Debug|Any CPU.ActiveCfg = Debug|Any CPU
		{4D006400-749D-4662-A219-F697E7462FCF}.Debug|Any CPU.Build.0 = Debug|Any CPU
		{4D006400-749D-4662-A219-F697E7462FCF}.Debug|x64.ActiveCfg = Debug|Any CPU
		{4D006400-749D-4662-A219-F697E7462FCF}.Debug|x64.Build.0 = Debug|Any CPU
		{4D006400-749D-4662-A219-F697E7462FCF}.Debug|x86.ActiveCfg = Debug|Any CPU
		{4D006400-749D-4662-A219-F697E7462FCF}.Debug|x86.Build.0 = Debug|Any CPU
		{4D006400-749D-4662-A219-F697E7462FCF}.Release|Any CPU.ActiveCfg = Release|Any CPU
		{4D006400-749D-4662-A219-F697E7462FCF}.Release|Any CPU.Build.0 = Release|Any CPU
		{4D006400-749D-4662-A219-F697E7462FCF}.Release|x64.ActiveCfg = Release|Any CPU
		{4D006400-749D-4662-A219-F697E7462FCF}.Release|x64.Build.0 = Release|Any CPU
		{4D006400-749D-4662-A219-F697E7462FCF}.Release|x86.ActiveCfg = Release|Any CPU
		{4D006400-749D-4662-A219-F697E7462FCF}.Release|x86.Build.0 = Release|Any CPU
		{B83CBD3D-88A5-40CD-B20B-56C3C3AD4D47}.Debug|Any CPU.ActiveCfg = Debug|Any CPU
		{B83CBD3D-88A5-40CD-B20B-56C3C3AD4D47}.Debug|Any CPU.Build.0 = Debug|Any CPU
		{B83CBD3D-88A5-40CD-B20B-56C3C3AD4D47}.Debug|x64.ActiveCfg = Debug|Any CPU
		{B83CBD3D-88A5-40CD-B20B-56C3C3AD4D47}.Debug|x64.Build.0 = Debug|Any CPU
		{B83CBD3D-88A5-40CD-B20B-56C3C3AD4D47}.Debug|x86.ActiveCfg = Debug|Any CPU
		{B83CBD3D-88A5-40CD-B20B-56C3C3AD4D47}.Debug|x86.Build.0 = Debug|Any CPU
		{B83CBD3D-88A5-40CD-B20B-56C3C3AD4D47}.Release|Any CPU.ActiveCfg = Release|Any CPU
		{B83CBD3D-88A5-40CD-B20B-56C3C3AD4D47}.Release|Any CPU.Build.0 = Release|Any CPU
		{B83CBD3D-88A5-40CD-B20B-56C3C3AD4D47}.Release|x64.ActiveCfg = Release|Any CPU
		{B83CBD3D-88A5-40CD-B20B-56C3C3AD4D47}.Release|x64.Build.0 = Release|Any CPU
		{B83CBD3D-88A5-40CD-B20B-56C3C3AD4D47}.Release|x86.ActiveCfg = Release|Any CPU
		{B83CBD3D-88A5-40CD-B20B-56C3C3AD4D47}.Release|x86.Build.0 = Release|Any CPU
		{4C2306FA-B116-474B-8C21-1DEA7C1CACD3}.Debug|Any CPU.ActiveCfg = Debug|Any CPU
		{4C2306FA-B116-474B-8C21-1DEA7C1CACD3}.Debug|Any CPU.Build.0 = Debug|Any CPU
		{4C2306FA-B116-474B-8C21-1DEA7C1CACD3}.Debug|x64.ActiveCfg = Debug|Any CPU
		{4C2306FA-B116-474B-8C21-1DEA7C1CACD3}.Debug|x64.Build.0 = Debug|Any CPU
		{4C2306FA-B116-474B-8C21-1DEA7C1CACD3}.Debug|x86.ActiveCfg = Debug|Any CPU
		{4C2306FA-B116-474B-8C21-1DEA7C1CACD3}.Debug|x86.Build.0 = Debug|Any CPU
		{4C2306FA-B116-474B-8C21-1DEA7C1CACD3}.Release|Any CPU.ActiveCfg = Release|Any CPU
		{4C2306FA-B116-474B-8C21-1DEA7C1CACD3}.Release|Any CPU.Build.0 = Release|Any CPU
		{4C2306FA-B116-474B-8C21-1DEA7C1CACD3}.Release|x64.ActiveCfg = Release|Any CPU
		{4C2306FA-B116-474B-8C21-1DEA7C1CACD3}.Release|x64.Build.0 = Release|Any CPU
		{4C2306FA-B116-474B-8C21-1DEA7C1CACD3}.Release|x86.ActiveCfg = Release|Any CPU
		{4C2306FA-B116-474B-8C21-1DEA7C1CACD3}.Release|x86.Build.0 = Release|Any CPU
		{856D9528-3CC5-4C19-94D7-40725E63C2B0}.Debug|Any CPU.ActiveCfg = Debug|Any CPU
		{856D9528-3CC5-4C19-94D7-40725E63C2B0}.Debug|Any CPU.Build.0 = Debug|Any CPU
		{856D9528-3CC5-4C19-94D7-40725E63C2B0}.Debug|x64.ActiveCfg = Debug|Any CPU
		{856D9528-3CC5-4C19-94D7-40725E63C2B0}.Debug|x64.Build.0 = Debug|Any CPU
		{856D9528-3CC5-4C19-94D7-40725E63C2B0}.Debug|x86.ActiveCfg = Debug|Any CPU
		{856D9528-3CC5-4C19-94D7-40725E63C2B0}.Debug|x86.Build.0 = Debug|Any CPU
		{856D9528-3CC5-4C19-94D7-40725E63C2B0}.Release|Any CPU.ActiveCfg = Release|Any CPU
		{856D9528-3CC5-4C19-94D7-40725E63C2B0}.Release|Any CPU.Build.0 = Release|Any CPU
		{856D9528-3CC5-4C19-94D7-40725E63C2B0}.Release|x64.ActiveCfg = Release|Any CPU
		{856D9528-3CC5-4C19-94D7-40725E63C2B0}.Release|x64.Build.0 = Release|Any CPU
		{856D9528-3CC5-4C19-94D7-40725E63C2B0}.Release|x86.ActiveCfg = Release|Any CPU
		{856D9528-3CC5-4C19-94D7-40725E63C2B0}.Release|x86.Build.0 = Release|Any CPU
		{0DF31AE1-9CCE-4ECB-A7C2-275F0E00F7C0}.Debug|Any CPU.ActiveCfg = Debug|Any CPU
		{0DF31AE1-9CCE-4ECB-A7C2-275F0E00F7C0}.Debug|Any CPU.Build.0 = Debug|Any CPU
		{0DF31AE1-9CCE-4ECB-A7C2-275F0E00F7C0}.Debug|x64.ActiveCfg = Debug|Any CPU
		{0DF31AE1-9CCE-4ECB-A7C2-275F0E00F7C0}.Debug|x64.Build.0 = Debug|Any CPU
		{0DF31AE1-9CCE-4ECB-A7C2-275F0E00F7C0}.Debug|x86.ActiveCfg = Debug|Any CPU
		{0DF31AE1-9CCE-4ECB-A7C2-275F0E00F7C0}.Debug|x86.Build.0 = Debug|Any CPU
		{0DF31AE1-9CCE-4ECB-A7C2-275F0E00F7C0}.Release|Any CPU.ActiveCfg = Release|Any CPU
		{0DF31AE1-9CCE-4ECB-A7C2-275F0E00F7C0}.Release|Any CPU.Build.0 = Release|Any CPU
		{0DF31AE1-9CCE-4ECB-A7C2-275F0E00F7C0}.Release|x64.ActiveCfg = Release|Any CPU
		{0DF31AE1-9CCE-4ECB-A7C2-275F0E00F7C0}.Release|x64.Build.0 = Release|Any CPU
		{0DF31AE1-9CCE-4ECB-A7C2-275F0E00F7C0}.Release|x86.ActiveCfg = Release|Any CPU
		{0DF31AE1-9CCE-4ECB-A7C2-275F0E00F7C0}.Release|x86.Build.0 = Release|Any CPU
		{6D2B7A85-54BA-4368-93E3-66A5F8CBBDB7}.Debug|Any CPU.ActiveCfg = Debug|Any CPU
		{6D2B7A85-54BA-4368-93E3-66A5F8CBBDB7}.Debug|Any CPU.Build.0 = Debug|Any CPU
		{6D2B7A85-54BA-4368-93E3-66A5F8CBBDB7}.Debug|x64.ActiveCfg = Debug|Any CPU
		{6D2B7A85-54BA-4368-93E3-66A5F8CBBDB7}.Debug|x64.Build.0 = Debug|Any CPU
		{6D2B7A85-54BA-4368-93E3-66A5F8CBBDB7}.Debug|x86.ActiveCfg = Debug|Any CPU
		{6D2B7A85-54BA-4368-93E3-66A5F8CBBDB7}.Debug|x86.Build.0 = Debug|Any CPU
		{6D2B7A85-54BA-4368-93E3-66A5F8CBBDB7}.Release|Any CPU.ActiveCfg = Release|Any CPU
		{6D2B7A85-54BA-4368-93E3-66A5F8CBBDB7}.Release|Any CPU.Build.0 = Release|Any CPU
		{6D2B7A85-54BA-4368-93E3-66A5F8CBBDB7}.Release|x64.ActiveCfg = Release|Any CPU
		{6D2B7A85-54BA-4368-93E3-66A5F8CBBDB7}.Release|x64.Build.0 = Release|Any CPU
		{6D2B7A85-54BA-4368-93E3-66A5F8CBBDB7}.Release|x86.ActiveCfg = Release|Any CPU
		{6D2B7A85-54BA-4368-93E3-66A5F8CBBDB7}.Release|x86.Build.0 = Release|Any CPU
		{ED8D4BB7-F182-4A03-9486-F6B0DFEB2287}.Debug|Any CPU.ActiveCfg = Debug|Any CPU
		{ED8D4BB7-F182-4A03-9486-F6B0DFEB2287}.Debug|Any CPU.Build.0 = Debug|Any CPU
		{ED8D4BB7-F182-4A03-9486-F6B0DFEB2287}.Debug|x64.ActiveCfg = Debug|Any CPU
		{ED8D4BB7-F182-4A03-9486-F6B0DFEB2287}.Debug|x64.Build.0 = Debug|Any CPU
		{ED8D4BB7-F182-4A03-9486-F6B0DFEB2287}.Debug|x86.ActiveCfg = Debug|Any CPU
		{ED8D4BB7-F182-4A03-9486-F6B0DFEB2287}.Debug|x86.Build.0 = Debug|Any CPU
		{ED8D4BB7-F182-4A03-9486-F6B0DFEB2287}.Release|Any CPU.ActiveCfg = Release|Any CPU
		{ED8D4BB7-F182-4A03-9486-F6B0DFEB2287}.Release|Any CPU.Build.0 = Release|Any CPU
		{ED8D4BB7-F182-4A03-9486-F6B0DFEB2287}.Release|x64.ActiveCfg = Release|Any CPU
		{ED8D4BB7-F182-4A03-9486-F6B0DFEB2287}.Release|x64.Build.0 = Release|Any CPU
		{ED8D4BB7-F182-4A03-9486-F6B0DFEB2287}.Release|x86.ActiveCfg = Release|Any CPU
		{ED8D4BB7-F182-4A03-9486-F6B0DFEB2287}.Release|x86.Build.0 = Release|Any CPU
		{B5E388F7-9E45-4E96-9AAF-2AD10E1D2DF3}.Debug|Any CPU.ActiveCfg = Debug|Any CPU
		{B5E388F7-9E45-4E96-9AAF-2AD10E1D2DF3}.Debug|Any CPU.Build.0 = Debug|Any CPU
		{B5E388F7-9E45-4E96-9AAF-2AD10E1D2DF3}.Debug|x64.ActiveCfg = Debug|Any CPU
		{B5E388F7-9E45-4E96-9AAF-2AD10E1D2DF3}.Debug|x64.Build.0 = Debug|Any CPU
		{B5E388F7-9E45-4E96-9AAF-2AD10E1D2DF3}.Debug|x86.ActiveCfg = Debug|Any CPU
		{B5E388F7-9E45-4E96-9AAF-2AD10E1D2DF3}.Debug|x86.Build.0 = Debug|Any CPU
		{B5E388F7-9E45-4E96-9AAF-2AD10E1D2DF3}.Release|Any CPU.ActiveCfg = Release|Any CPU
		{B5E388F7-9E45-4E96-9AAF-2AD10E1D2DF3}.Release|Any CPU.Build.0 = Release|Any CPU
		{B5E388F7-9E45-4E96-9AAF-2AD10E1D2DF3}.Release|x64.ActiveCfg = Release|Any CPU
		{B5E388F7-9E45-4E96-9AAF-2AD10E1D2DF3}.Release|x64.Build.0 = Release|Any CPU
		{B5E388F7-9E45-4E96-9AAF-2AD10E1D2DF3}.Release|x86.ActiveCfg = Release|Any CPU
		{B5E388F7-9E45-4E96-9AAF-2AD10E1D2DF3}.Release|x86.Build.0 = Release|Any CPU
		{7D968A8E-2BF5-4298-8D17-F86D31940456}.Debug|Any CPU.ActiveCfg = Debug|Any CPU
		{7D968A8E-2BF5-4298-8D17-F86D31940456}.Debug|Any CPU.Build.0 = Debug|Any CPU
		{7D968A8E-2BF5-4298-8D17-F86D31940456}.Debug|x64.ActiveCfg = Debug|Any CPU
		{7D968A8E-2BF5-4298-8D17-F86D31940456}.Debug|x64.Build.0 = Debug|Any CPU
		{7D968A8E-2BF5-4298-8D17-F86D31940456}.Debug|x86.ActiveCfg = Debug|Any CPU
		{7D968A8E-2BF5-4298-8D17-F86D31940456}.Debug|x86.Build.0 = Debug|Any CPU
		{7D968A8E-2BF5-4298-8D17-F86D31940456}.Release|Any CPU.ActiveCfg = Release|Any CPU
		{7D968A8E-2BF5-4298-8D17-F86D31940456}.Release|Any CPU.Build.0 = Release|Any CPU
		{7D968A8E-2BF5-4298-8D17-F86D31940456}.Release|x64.ActiveCfg = Release|Any CPU
		{7D968A8E-2BF5-4298-8D17-F86D31940456}.Release|x64.Build.0 = Release|Any CPU
		{7D968A8E-2BF5-4298-8D17-F86D31940456}.Release|x86.ActiveCfg = Release|Any CPU
		{7D968A8E-2BF5-4298-8D17-F86D31940456}.Release|x86.Build.0 = Release|Any CPU
		{9CAE9B62-9219-4DA7-BEC5-2BE0D4F9CCD7}.Debug|Any CPU.ActiveCfg = Debug|Any CPU
		{9CAE9B62-9219-4DA7-BEC5-2BE0D4F9CCD7}.Debug|Any CPU.Build.0 = Debug|Any CPU
		{9CAE9B62-9219-4DA7-BEC5-2BE0D4F9CCD7}.Debug|x64.ActiveCfg = Debug|Any CPU
		{9CAE9B62-9219-4DA7-BEC5-2BE0D4F9CCD7}.Debug|x64.Build.0 = Debug|Any CPU
		{9CAE9B62-9219-4DA7-BEC5-2BE0D4F9CCD7}.Debug|x86.ActiveCfg = Debug|Any CPU
		{9CAE9B62-9219-4DA7-BEC5-2BE0D4F9CCD7}.Debug|x86.Build.0 = Debug|Any CPU
		{9CAE9B62-9219-4DA7-BEC5-2BE0D4F9CCD7}.Release|Any CPU.ActiveCfg = Release|Any CPU
		{9CAE9B62-9219-4DA7-BEC5-2BE0D4F9CCD7}.Release|Any CPU.Build.0 = Release|Any CPU
		{9CAE9B62-9219-4DA7-BEC5-2BE0D4F9CCD7}.Release|x64.ActiveCfg = Release|Any CPU
		{9CAE9B62-9219-4DA7-BEC5-2BE0D4F9CCD7}.Release|x64.Build.0 = Release|Any CPU
		{9CAE9B62-9219-4DA7-BEC5-2BE0D4F9CCD7}.Release|x86.ActiveCfg = Release|Any CPU
		{9CAE9B62-9219-4DA7-BEC5-2BE0D4F9CCD7}.Release|x86.Build.0 = Release|Any CPU
		{E16BDC85-6055-41C2-A0B6-0EA3B14C3CE7}.Debug|Any CPU.ActiveCfg = Debug|Any CPU
		{E16BDC85-6055-41C2-A0B6-0EA3B14C3CE7}.Debug|Any CPU.Build.0 = Debug|Any CPU
		{E16BDC85-6055-41C2-A0B6-0EA3B14C3CE7}.Debug|x64.ActiveCfg = Debug|Any CPU
		{E16BDC85-6055-41C2-A0B6-0EA3B14C3CE7}.Debug|x64.Build.0 = Debug|Any CPU
		{E16BDC85-6055-41C2-A0B6-0EA3B14C3CE7}.Debug|x86.ActiveCfg = Debug|Any CPU
		{E16BDC85-6055-41C2-A0B6-0EA3B14C3CE7}.Debug|x86.Build.0 = Debug|Any CPU
		{E16BDC85-6055-41C2-A0B6-0EA3B14C3CE7}.Release|Any CPU.ActiveCfg = Release|Any CPU
		{E16BDC85-6055-41C2-A0B6-0EA3B14C3CE7}.Release|Any CPU.Build.0 = Release|Any CPU
		{E16BDC85-6055-41C2-A0B6-0EA3B14C3CE7}.Release|x64.ActiveCfg = Release|Any CPU
		{E16BDC85-6055-41C2-A0B6-0EA3B14C3CE7}.Release|x64.Build.0 = Release|Any CPU
		{E16BDC85-6055-41C2-A0B6-0EA3B14C3CE7}.Release|x86.ActiveCfg = Release|Any CPU
		{E16BDC85-6055-41C2-A0B6-0EA3B14C3CE7}.Release|x86.Build.0 = Release|Any CPU
		{3BCE91C4-65DD-4417-9948-E89605AE830D}.Debug|Any CPU.ActiveCfg = Debug|Any CPU
		{3BCE91C4-65DD-4417-9948-E89605AE830D}.Debug|Any CPU.Build.0 = Debug|Any CPU
		{3BCE91C4-65DD-4417-9948-E89605AE830D}.Debug|x64.ActiveCfg = Debug|Any CPU
		{3BCE91C4-65DD-4417-9948-E89605AE830D}.Debug|x64.Build.0 = Debug|Any CPU
		{3BCE91C4-65DD-4417-9948-E89605AE830D}.Debug|x86.ActiveCfg = Debug|Any CPU
		{3BCE91C4-65DD-4417-9948-E89605AE830D}.Debug|x86.Build.0 = Debug|Any CPU
		{3BCE91C4-65DD-4417-9948-E89605AE830D}.Release|Any CPU.ActiveCfg = Release|Any CPU
		{3BCE91C4-65DD-4417-9948-E89605AE830D}.Release|Any CPU.Build.0 = Release|Any CPU
		{3BCE91C4-65DD-4417-9948-E89605AE830D}.Release|x64.ActiveCfg = Release|Any CPU
		{3BCE91C4-65DD-4417-9948-E89605AE830D}.Release|x64.Build.0 = Release|Any CPU
		{3BCE91C4-65DD-4417-9948-E89605AE830D}.Release|x86.ActiveCfg = Release|Any CPU
		{3BCE91C4-65DD-4417-9948-E89605AE830D}.Release|x86.Build.0 = Release|Any CPU
		{A9DF8A24-2241-4062-9DA4-D8E1BBB75033}.Debug|Any CPU.ActiveCfg = Debug|Any CPU
		{A9DF8A24-2241-4062-9DA4-D8E1BBB75033}.Debug|Any CPU.Build.0 = Debug|Any CPU
		{A9DF8A24-2241-4062-9DA4-D8E1BBB75033}.Debug|x64.ActiveCfg = Debug|Any CPU
		{A9DF8A24-2241-4062-9DA4-D8E1BBB75033}.Debug|x64.Build.0 = Debug|Any CPU
		{A9DF8A24-2241-4062-9DA4-D8E1BBB75033}.Debug|x86.ActiveCfg = Debug|Any CPU
		{A9DF8A24-2241-4062-9DA4-D8E1BBB75033}.Debug|x86.Build.0 = Debug|Any CPU
		{A9DF8A24-2241-4062-9DA4-D8E1BBB75033}.Release|Any CPU.ActiveCfg = Release|Any CPU
		{A9DF8A24-2241-4062-9DA4-D8E1BBB75033}.Release|Any CPU.Build.0 = Release|Any CPU
		{A9DF8A24-2241-4062-9DA4-D8E1BBB75033}.Release|x64.ActiveCfg = Release|Any CPU
		{A9DF8A24-2241-4062-9DA4-D8E1BBB75033}.Release|x64.Build.0 = Release|Any CPU
		{A9DF8A24-2241-4062-9DA4-D8E1BBB75033}.Release|x86.ActiveCfg = Release|Any CPU
		{A9DF8A24-2241-4062-9DA4-D8E1BBB75033}.Release|x86.Build.0 = Release|Any CPU
		{3F0F4165-CF26-4934-8164-0C680ECC8604}.Debug|Any CPU.ActiveCfg = Debug|Any CPU
		{3F0F4165-CF26-4934-8164-0C680ECC8604}.Debug|Any CPU.Build.0 = Debug|Any CPU
		{3F0F4165-CF26-4934-8164-0C680ECC8604}.Debug|x64.ActiveCfg = Debug|Any CPU
		{3F0F4165-CF26-4934-8164-0C680ECC8604}.Debug|x64.Build.0 = Debug|Any CPU
		{3F0F4165-CF26-4934-8164-0C680ECC8604}.Debug|x86.ActiveCfg = Debug|Any CPU
		{3F0F4165-CF26-4934-8164-0C680ECC8604}.Debug|x86.Build.0 = Debug|Any CPU
		{3F0F4165-CF26-4934-8164-0C680ECC8604}.Release|Any CPU.ActiveCfg = Release|Any CPU
		{3F0F4165-CF26-4934-8164-0C680ECC8604}.Release|Any CPU.Build.0 = Release|Any CPU
		{3F0F4165-CF26-4934-8164-0C680ECC8604}.Release|x64.ActiveCfg = Release|Any CPU
		{3F0F4165-CF26-4934-8164-0C680ECC8604}.Release|x64.Build.0 = Release|Any CPU
		{3F0F4165-CF26-4934-8164-0C680ECC8604}.Release|x86.ActiveCfg = Release|Any CPU
		{3F0F4165-CF26-4934-8164-0C680ECC8604}.Release|x86.Build.0 = Release|Any CPU
		{1273337E-2228-41BE-94F2-E428EAB5A597}.Debug|Any CPU.ActiveCfg = Debug|Any CPU
		{1273337E-2228-41BE-94F2-E428EAB5A597}.Debug|Any CPU.Build.0 = Debug|Any CPU
		{1273337E-2228-41BE-94F2-E428EAB5A597}.Debug|x64.ActiveCfg = Debug|Any CPU
		{1273337E-2228-41BE-94F2-E428EAB5A597}.Debug|x64.Build.0 = Debug|Any CPU
		{1273337E-2228-41BE-94F2-E428EAB5A597}.Debug|x86.ActiveCfg = Debug|Any CPU
		{1273337E-2228-41BE-94F2-E428EAB5A597}.Debug|x86.Build.0 = Debug|Any CPU
		{1273337E-2228-41BE-94F2-E428EAB5A597}.Release|Any CPU.ActiveCfg = Release|Any CPU
		{1273337E-2228-41BE-94F2-E428EAB5A597}.Release|Any CPU.Build.0 = Release|Any CPU
		{1273337E-2228-41BE-94F2-E428EAB5A597}.Release|x64.ActiveCfg = Release|Any CPU
		{1273337E-2228-41BE-94F2-E428EAB5A597}.Release|x64.Build.0 = Release|Any CPU
		{1273337E-2228-41BE-94F2-E428EAB5A597}.Release|x86.ActiveCfg = Release|Any CPU
		{1273337E-2228-41BE-94F2-E428EAB5A597}.Release|x86.Build.0 = Release|Any CPU
		{AFA04DA9-3F6F-46D8-9BE4-9135AA0168AF}.Debug|Any CPU.ActiveCfg = Debug|Any CPU
		{AFA04DA9-3F6F-46D8-9BE4-9135AA0168AF}.Debug|Any CPU.Build.0 = Debug|Any CPU
		{AFA04DA9-3F6F-46D8-9BE4-9135AA0168AF}.Debug|x64.ActiveCfg = Debug|Any CPU
		{AFA04DA9-3F6F-46D8-9BE4-9135AA0168AF}.Debug|x64.Build.0 = Debug|Any CPU
		{AFA04DA9-3F6F-46D8-9BE4-9135AA0168AF}.Debug|x86.ActiveCfg = Debug|Any CPU
		{AFA04DA9-3F6F-46D8-9BE4-9135AA0168AF}.Debug|x86.Build.0 = Debug|Any CPU
		{AFA04DA9-3F6F-46D8-9BE4-9135AA0168AF}.Release|Any CPU.ActiveCfg = Release|Any CPU
		{AFA04DA9-3F6F-46D8-9BE4-9135AA0168AF}.Release|Any CPU.Build.0 = Release|Any CPU
		{AFA04DA9-3F6F-46D8-9BE4-9135AA0168AF}.Release|x64.ActiveCfg = Release|Any CPU
		{AFA04DA9-3F6F-46D8-9BE4-9135AA0168AF}.Release|x64.Build.0 = Release|Any CPU
		{AFA04DA9-3F6F-46D8-9BE4-9135AA0168AF}.Release|x86.ActiveCfg = Release|Any CPU
		{AFA04DA9-3F6F-46D8-9BE4-9135AA0168AF}.Release|x86.Build.0 = Release|Any CPU
		{AD9231EA-BBD1-4C79-832A-32793CEA9B30}.Debug|Any CPU.ActiveCfg = Debug|Any CPU
		{AD9231EA-BBD1-4C79-832A-32793CEA9B30}.Debug|Any CPU.Build.0 = Debug|Any CPU
		{AD9231EA-BBD1-4C79-832A-32793CEA9B30}.Debug|x64.ActiveCfg = Debug|Any CPU
		{AD9231EA-BBD1-4C79-832A-32793CEA9B30}.Debug|x64.Build.0 = Debug|Any CPU
		{AD9231EA-BBD1-4C79-832A-32793CEA9B30}.Debug|x86.ActiveCfg = Debug|Any CPU
		{AD9231EA-BBD1-4C79-832A-32793CEA9B30}.Debug|x86.Build.0 = Debug|Any CPU
		{AD9231EA-BBD1-4C79-832A-32793CEA9B30}.Release|Any CPU.ActiveCfg = Release|Any CPU
		{AD9231EA-BBD1-4C79-832A-32793CEA9B30}.Release|Any CPU.Build.0 = Release|Any CPU
		{AD9231EA-BBD1-4C79-832A-32793CEA9B30}.Release|x64.ActiveCfg = Release|Any CPU
		{AD9231EA-BBD1-4C79-832A-32793CEA9B30}.Release|x64.Build.0 = Release|Any CPU
		{AD9231EA-BBD1-4C79-832A-32793CEA9B30}.Release|x86.ActiveCfg = Release|Any CPU
		{AD9231EA-BBD1-4C79-832A-32793CEA9B30}.Release|x86.Build.0 = Release|Any CPU
	EndGlobalSection
	GlobalSection(NestedProjects) = preSolution
		{04D57F92-65EE-4F3B-9ACC-2D97E5162157} = {EA95EE9B-98D1-47DF-918E-9637F1621CAE}
		{4D006400-749D-4662-A219-F697E7462FCF} = {04D57F92-65EE-4F3B-9ACC-2D97E5162157}
		{5BA96496-5D7B-4C23-9072-BA5A03843183} = {B9E5D59C-1F02-4116-A375-6097539231A8}
		{B83CBD3D-88A5-40CD-B20B-56C3C3AD4D47} = {5BA96496-5D7B-4C23-9072-BA5A03843183}
		{D6EE7061-4488-4B59-9C91-0F2770766C57} = {1862980A-BFFE-4A1D-92EE-C894B99C4CD6}
		{4C2306FA-B116-474B-8C21-1DEA7C1CACD3} = {D6EE7061-4488-4B59-9C91-0F2770766C57}
		{1FE89247-4827-49B3-B0C5-5881C62871AA} = {1862980A-BFFE-4A1D-92EE-C894B99C4CD6}
		{856D9528-3CC5-4C19-94D7-40725E63C2B0} = {1FE89247-4827-49B3-B0C5-5881C62871AA}
		{46886F99-F280-413B-A48F-87238A7A80F6} = {9730F511-F456-4725-A342-1FA13A64805B}
		{0DF31AE1-9CCE-4ECB-A7C2-275F0E00F7C0} = {46886F99-F280-413B-A48F-87238A7A80F6}
		{588BF896-900C-4467-A537-C3BA86C611E1} = {9730F511-F456-4725-A342-1FA13A64805B}
		{6D2B7A85-54BA-4368-93E3-66A5F8CBBDB7} = {588BF896-900C-4467-A537-C3BA86C611E1}
		{804887A0-3D59-4146-8E82-3CBFC1DD8BFF} = {A4007108-EDC5-4342-9B2B-3326BD56A115}
		{ED8D4BB7-F182-4A03-9486-F6B0DFEB2287} = {804887A0-3D59-4146-8E82-3CBFC1DD8BFF}
		{008ABFFE-6B27-4AAE-A8B3-F00CBCEEB5F5} = {A4007108-EDC5-4342-9B2B-3326BD56A115}
		{B5E388F7-9E45-4E96-9AAF-2AD10E1D2DF3} = {008ABFFE-6B27-4AAE-A8B3-F00CBCEEB5F5}
		{44E39C45-E2F3-4673-BB4C-05295DB18F79} = {85F0F37D-1E44-4630-B55F-0C86CEE6E319}
		{7D968A8E-2BF5-4298-8D17-F86D31940456} = {44E39C45-E2F3-4673-BB4C-05295DB18F79}
		{842339E3-26D4-4CA1-922A-D0AB43FEDC52} = {85F0F37D-1E44-4630-B55F-0C86CEE6E319}
		{9CAE9B62-9219-4DA7-BEC5-2BE0D4F9CCD7} = {842339E3-26D4-4CA1-922A-D0AB43FEDC52}
		{ED3D4FF6-4F8E-4B10-AF7B-C5FBAFE07AA3} = {08D38FCF-E54B-4FE0-8A51-06F174DCFB13}
		{E16BDC85-6055-41C2-A0B6-0EA3B14C3CE7} = {ED3D4FF6-4F8E-4B10-AF7B-C5FBAFE07AA3}
		{4E635A82-1711-4031-907D-00BC5D1E16AD} = {08D38FCF-E54B-4FE0-8A51-06F174DCFB13}
		{3BCE91C4-65DD-4417-9948-E89605AE830D} = {4E635A82-1711-4031-907D-00BC5D1E16AD}
		{BE343076-0656-4C6D-8F51-E579E30B8F84} = {CD4A9922-0D5B-4699-9DED-CF8756F68D1F}
		{A9DF8A24-2241-4062-9DA4-D8E1BBB75033} = {BE343076-0656-4C6D-8F51-E579E30B8F84}
		{A8E2CBA5-DFD2-4095-A805-AA889E1B71A9} = {CD4A9922-0D5B-4699-9DED-CF8756F68D1F}
		{3F0F4165-CF26-4934-8164-0C680ECC8604} = {A8E2CBA5-DFD2-4095-A805-AA889E1B71A9}
		{0FC6E53F-56F8-4301-84F1-BE1906E2A8F8} = {EF2D785D-F9E1-4460-9DF2-1EB5D9F1DB04}
		{1273337E-2228-41BE-94F2-E428EAB5A597} = {0FC6E53F-56F8-4301-84F1-BE1906E2A8F8}
		{9F474849-C0BE-428B-B0E7-556659665103} = {EF2D785D-F9E1-4460-9DF2-1EB5D9F1DB04}
		{AFA04DA9-3F6F-46D8-9BE4-9135AA0168AF} = {9F474849-C0BE-428B-B0E7-556659665103}
		{DA686EF8-FB6C-4ECE-8967-3400733F743A} = {379ACE0C-3C20-45DA-8E3A-C15B7995B902}
		{AD9231EA-BBD1-4C79-832A-32793CEA9B30} = {DA686EF8-FB6C-4ECE-8967-3400733F743A}
	EndGlobalSection
EndGlobal
